# Code generated by scarb DO NOT EDIT.
version = 1

[[package]]
name = "alexandria_data_structures"
version = "0.1.0"
source = "git+https://github.com/keep-starknet-strange/alexandria.git?rev=f37d73d#f37d73d8a8248e4d8dc65de3949333e30bda022f"

[[package]]
name = "cubit"
version = "1.2.0"
source = "git+https://github.com/raphaelDkhn/cubit.git#e6331ebf98c5d5f442a0e5edefe0b367c8e270d9"

[[package]]
name = "orion"
version = "0.1.5"
dependencies = [
 "alexandria_data_structures",
 "cubit",
]
